
Microsoft Visual Studio Solution File, Format Version 12.00
# Visual Studio Version 16
VisualStudioVersion = 16.0.29709.97
MinimumVisualStudioVersion = 10.0.40219.1
Project("{9A19103F-16F7-4668-BE54-9A1E7A4F7556}") = "CoreBook.App", "CoreBook.App\CoreBook.App.csproj", "{2AA7A8E1-A000-4CB9-829A-F701B650B0C5}"
EndProject
Project("{9A19103F-16F7-4668-BE54-9A1E7A4F7556}") = "CoreBook.Domain", "CoreBook.Domain\CoreBook.Domain.csproj", "{FE486D18-619A-4F0F-8297-EFF20F02CDF9}"
EndProject
Global
	GlobalSection(SolutionConfigurationPlatforms) = preSolution
		Debug|Any CPU = Debug|Any CPU
		Release|Any CPU = Release|Any CPU
	EndGlobalSection
	GlobalSection(ProjectConfigurationPlatforms) = postSolution
		{2AA7A8E1-A000-4CB9-829A-F701B650B0C5}.Debug|Any CPU.ActiveCfg = Debug|Any CPU
		{2AA7A8E1-A000-4CB9-829A-F701B650B0C5}.Debug|Any CPU.Build.0 = Debug|Any CPU
		{2AA7A8E1-A000-4CB9-829A-F701B650B0C5}.Release|Any CPU.ActiveCfg = Release|Any CPU
		{2AA7A8E1-A000-4CB9-829A-F701B650B0C5}.Release|Any CPU.Build.0 = Release|Any CPU
		{FE486D18-619A-4F0F-8297-EFF20F02CDF9}.Debug|Any CPU.ActiveCfg = Debug|Any CPU
		{FE486D18-619A-4F0F-8297-EFF20F02CDF9}.Debug|Any CPU.Build.0 = Debug|Any CPU
		{FE486D18-619A-4F0F-8297-EFF20F02CDF9}.Release|Any CPU.ActiveCfg = Release|Any CPU
		{FE486D18-619A-4F0F-8297-EFF20F02CDF9}.Release|Any CPU.Build.0 = Release|Any CPU
	EndGlobalSection
	GlobalSection(SolutionProperties) = preSolution
		HideSolutionNode = FALSE
	EndGlobalSection
	GlobalSection(ExtensibilityGlobals) = postSolution
		SolutionGuid = {F1ACBF16-B759-4294-8599-483E83D1BEED}
	EndGlobalSection
EndGlobal
