
Microsoft Visual Studio Solution File, Format Version 12.00
# Visual Studio Version 16
VisualStudioVersion = 16.0.29709.97
MinimumVisualStudioVersion = 10.0.40219.1
Project("{FAE04EC0-301F-11D3-BF4B-00C04F79EFBC}") = "CoreBook.App", "CoreBook.App.csproj", "{E07AB914-6154-4382-A779-0969B06EE5C0}"
EndProject
Project("{FAE04EC0-301F-11D3-BF4B-00C04F79EFBC}") = "CoreBook.Domain", "..\CoreBook.Domain\CoreBook.Domain.csproj", "{AAD9135D-9D55-45C6-8BF4-940EE1DC30CA}"
EndProject
Global
	GlobalSection(SolutionConfigurationPlatforms) = preSolution
		Debug|Any CPU = Debug|Any CPU
		Release|Any CPU = Release|Any CPU
	EndGlobalSection
	GlobalSection(ProjectConfigurationPlatforms) = postSolution
		{E07AB914-6154-4382-A779-0969B06EE5C0}.Debug|Any CPU.ActiveCfg = Debug|Any CPU
		{E07AB914-6154-4382-A779-0969B06EE5C0}.Debug|Any CPU.Build.0 = Debug|Any CPU
		{E07AB914-6154-4382-A779-0969B06EE5C0}.Release|Any CPU.ActiveCfg = Release|Any CPU
		{E07AB914-6154-4382-A779-0969B06EE5C0}.Release|Any CPU.Build.0 = Release|Any CPU
		{AAD9135D-9D55-45C6-8BF4-940EE1DC30CA}.Debug|Any CPU.ActiveCfg = Debug|Any CPU
		{AAD9135D-9D55-45C6-8BF4-940EE1DC30CA}.Debug|Any CPU.Build.0 = Debug|Any CPU
		{AAD9135D-9D55-45C6-8BF4-940EE1DC30CA}.Release|Any CPU.ActiveCfg = Release|Any CPU
		{AAD9135D-9D55-45C6-8BF4-940EE1DC30CA}.Release|Any CPU.Build.0 = Release|Any CPU
	EndGlobalSection
	GlobalSection(SolutionProperties) = preSolution
		HideSolutionNode = FALSE
	EndGlobalSection
	GlobalSection(ExtensibilityGlobals) = postSolution
		SolutionGuid = {F1ACBF16-B759-4294-8599-483E83D1BEED}
	EndGlobalSection
EndGlobal
